
Microsoft Visual Studio Solution File, Format Version 12.00
# Visual Studio Version 16
VisualStudioVersion = 16.0.30503.244
MinimumVisualStudioVersion = 10.0.40219.1
Project("{FAE04EC0-301F-11D3-BF4B-00C04F79EFBC}") = "DatingApp", "DatingApp\DatingApp.csproj", "{41DE5DD7-0F65-4CC4-A645-EC334E6F895D}"
EndProject
Project("{2150E333-8FDC-42A3-9474-1A3956D46DE8}") = "NewFolder1", "NewFolder1", "{2214D5A2-A8BC-4F90-84D6-567C53FA0EB0}"
EndProject
Global
	GlobalSection(SolutionConfigurationPlatforms) = preSolution
		Debug|Any CPU = Debug|Any CPU
		Release|Any CPU = Release|Any CPU
	EndGlobalSection
	GlobalSection(ProjectConfigurationPlatforms) = postSolution
		{41DE5DD7-0F65-4CC4-A645-EC334E6F895D}.Debug|Any CPU.ActiveCfg = Debug|Any CPU
		{41DE5DD7-0F65-4CC4-A645-EC334E6F895D}.Debug|Any CPU.Build.0 = Debug|Any CPU
		{41DE5DD7-0F65-4CC4-A645-EC334E6F895D}.Release|Any CPU.ActiveCfg = Release|Any CPU
		{41DE5DD7-0F65-4CC4-A645-EC334E6F895D}.Release|Any CPU.Build.0 = Release|Any CPU
	EndGlobalSection
	GlobalSection(SolutionProperties) = preSolution
		HideSolutionNode = FALSE
	EndGlobalSection
	GlobalSection(ExtensibilityGlobals) = postSolution
		SolutionGuid = {4A084ED4-2C68-45BA-A21D-E551BE4B60E0}
	EndGlobalSection
EndGlobal
